{
  "version": 4,
  "terraform_version": "1.1.7",
  "serial": 5,
  "lineage": "282075c4-69f9-71cc-2eb3-5bdfe97bc6f5",
  "outputs": {},
  "resources": [
    {
      "mode": "managed",
      "type": "google_compute_network",
      "name": "vpc",
      "provider": "provider[\"registry.terraform.io/hashicorp/google\"]",
      "instances": [
        {
          "schema_version": 0,
          "attributes": {
            "auto_create_subnetworks": false,
            "delete_default_routes_on_create": false,
            "description": "",
            "gateway_ipv4": "",
            "id": "projects/praxis-water-352220/global/networks/praxis-water-352220-vpc",
            "mtu": 0,
            "name": "praxis-water-352220-vpc",
            "project": "praxis-water-352220",
            "routing_mode": "REGIONAL",
            "self_link": "https://www.googleapis.com/compute/v1/projects/praxis-water-352220/global/networks/praxis-water-352220-vpc",
            "timeouts": null
          },
          "sensitive_attributes": [],
          "private": "eyJlMmJmYjczMC1lY2FhLTExZTYtOGY4OC0zNDM2M2JjN2M0YzAiOnsiY3JlYXRlIjoyNDAwMDAwMDAwMDAsImRlbGV0ZSI6MjQwMDAwMDAwMDAwLCJ1cGRhdGUiOjI0MDAwMDAwMDAwMH19"
        }
      ]
    },
    {
      "mode": "managed",
      "type": "google_compute_subnetwork",
      "name": "subnet",
      "provider": "provider[\"registry.terraform.io/hashicorp/google\"]",
      "instances": [
        {
          "schema_version": 0,
          "attributes": {
            "creation_timestamp": "2022-06-04T10:28:41.092-07:00",
            "description": "",
            "external_ipv6_prefix": "",
            "fingerprint": null,
            "gateway_address": "10.10.0.1",
            "id": "projects/praxis-water-352220/regions/us-central1/subnetworks/praxis-water-352220-subnet",
            "ip_cidr_range": "10.10.0.0/24",
            "ipv6_access_type": "",
            "ipv6_cidr_range": "",
            "log_config": [],
            "name": "praxis-water-352220-subnet",
            "network": "https://www.googleapis.com/compute/v1/projects/praxis-water-352220/global/networks/praxis-water-352220-vpc",
            "private_ip_google_access": false,
            "private_ipv6_google_access": "DISABLE_GOOGLE_ACCESS",
            "project": "praxis-water-352220",
            "purpose": "PRIVATE",
            "region": "us-central1",
            "role": "",
            "secondary_ip_range": [],
            "self_link": "https://www.googleapis.com/compute/v1/projects/praxis-water-352220/regions/us-central1/subnetworks/praxis-water-352220-subnet",
            "stack_type": "IPV4_ONLY",
            "timeouts": null
          },
          "sensitive_attributes": [],
          "private": "eyJlMmJmYjczMC1lY2FhLTExZTYtOGY4OC0zNDM2M2JjN2M0YzAiOnsiY3JlYXRlIjozNjAwMDAwMDAwMDAsImRlbGV0ZSI6MzYwMDAwMDAwMDAwLCJ1cGRhdGUiOjM2MDAwMDAwMDAwMH19",
          "dependencies": [
            "google_compute_network.vpc"
          ]
        }
      ]
    },
    {
      "mode": "managed",
      "type": "google_container_cluster",
      "name": "primary",
      "provider": "provider[\"registry.terraform.io/hashicorp/google\"]",
      "instances": [
        {
          "schema_version": 1,
          "attributes": {
            "addons_config": [
              {
                "cloudrun_config": [],
                "horizontal_pod_autoscaling": [],
                "http_load_balancing": [],
                "network_policy_config": [
                  {
                    "disabled": true
                  }
                ]
              }
            ],
            "authenticator_groups_config": [],
            "cluster_autoscaling": [
              {
                "auto_provisioning_defaults": [],
                "enabled": false,
                "resource_limits": []
              }
            ],
            "cluster_ipv4_cidr": "10.12.0.0/14",
            "database_encryption": [
              {
                "key_name": "",
                "state": "DECRYPTED"
              }
            ],
            "datapath_provider": "",
            "default_max_pods_per_node": 110,
            "default_snat_status": [
              {
                "disabled": false
              }
            ],
            "description": "",
            "enable_autopilot": false,
            "enable_binary_authorization": false,
            "enable_intranode_visibility": false,
            "enable_kubernetes_alpha": false,
            "enable_legacy_abac": false,
            "enable_shielded_nodes": true,
            "enable_tpu": false,
            "endpoint": "35.188.187.239",
            "id": "projects/praxis-water-352220/locations/us-central1/clusters/praxis-water-352220-gke",
            "initial_node_count": 1,
            "ip_allocation_policy": [
              {
                "cluster_ipv4_cidr_block": "10.12.0.0/14",
                "cluster_secondary_range_name": "gke-praxis-water-352220-gke-pods-98535883",
                "services_ipv4_cidr_block": "10.16.0.0/20",
                "services_secondary_range_name": "gke-praxis-water-352220-gke-services-98535883"
              }
            ],
            "label_fingerprint": "a9dc16a7",
            "location": "us-central1",
            "logging_config": [
              {
                "enable_components": [
                  "SYSTEM_COMPONENTS",
                  "WORKLOADS"
                ]
              }
            ],
            "logging_service": "logging.googleapis.com/kubernetes",
            "maintenance_policy": [],
            "master_auth": [
              {
                "client_certificate": "",
                "client_certificate_config": [
                  {
                    "issue_client_certificate": false
                  }
                ],
                "client_key": "",
                "cluster_ca_certificate": "LS0tLS1CRUdJTiBDRVJUSUZJQ0FURS0tLS0tCk1JSUVMVENDQXBXZ0F3SUJBZ0lSQUt2UG9UQWh0L1NTMmsvS241WVdQMTB3RFFZSktvWklodmNOQVFFTEJRQXcKTHpFdE1Dc0dBMVVFQXhNa01ETTBZamxqT1dJdFl6UXlNeTAwWkdSaExUazJZemN0Tm1Wa056UmtPREJsTmpGaApNQ0FYRFRJeU1EWXdOREUyTWpnMU0xb1lEekl3TlRJd05USTNNVGN5T0RVeldqQXZNUzB3S3dZRFZRUURFeVF3Ck16UmlPV001WWkxak5ESXpMVFJrWkdFdE9UWmpOeTAyWldRM05HUTRNR1UyTVdFd2dnR2lNQTBHQ1NxR1NJYjMKRFFFQkFRVUFBNElCandBd2dnR0tBb0lCZ1FDaEwzd1MrNTRUQWlYYXlpbExpRDVQQk1hZHc5VldaTEFUYWF2Vgo3TjlsN3lYYnYwVG4zS0J6V3dMRkJLUWh3UXBScUNxQmtkTWNCMGd1MGZUcVB2YWEzdjgyUDZmK1F5aXVxSmRYCmxUMjN6M3FoTTlUZUs5ek8wNENGR1pXNDc4YUQ2TnpBcTBNQVk2QmZnNEtzY3FuWGhjVEpxVEY0bDAxeDR2Um0KQVIwdzV1RkcvWk9Wcko5dlQ3N2ZFYStSZDRjQWg4R0l1K2FiTlgxMzBTTzFkaVdQeWVxcFYrQVkzRTBQTjZMZwoveDhRWWE5TUw4U2k2SzhjdlRRUTdQWTVOcTFSdnRsV1cvNnRjL0kyL2RKaU9QVVp3YXJncVN3TWJ1RVR6SUdyCklrZk9zRHJFclVIbVVMbVZvdmJVeUZhVnFwdjNpMHQvQkhJTmZzSU1qSUNVeE5mVUhRMnQxS2liQVdBc2d2RXIKUlgrN2YyUWY4WHU1c1picWhZcU5HdEkyVkpyOFpZenJFSzhhcU05eWpWaCtXaFZ4VXZ2N0l6ZGhuRkhwWWdCaQptM1FUUGM5L1UxNkZZN0NMQzhmdzhBL2RpYzZnVjRjTGN4bTUyWXJtSGczWERRVndScW01NCsxcHl2ZmltbG92Cnc3WnRnQ2VmWWg2VkxGQ2JMbGpwdFQyNlczRUNBd0VBQWFOQ01FQXdEZ1lEVlIwUEFRSC9CQVFEQWdJRU1BOEcKQTFVZEV3RUIvd1FGTUFNQkFmOHdIUVlEVlIwT0JCWUVGQjFSN3AxVk9RNU9Eb3M4TWxVTXBSZXBUY0d6TUEwRwpDU3FHU0liM0RRRUJDd1VBQTRJQmdRQllXUTVQMElGb0JsVldLS2t5Wkx3aTRvL2Z3Vyt6Y3daZlpSYktNQUNmCm01RzFsbkZ0QWJna29iU255TEY1SXU2Sld3WmZCdHN3SUtsRnZzR2lsOHdnMkJBcHVHdkg5bGdZbGw2QVkraHYKc1RwSjdkaGlhQW9sNTM2N3FRaUlVOThOTm9xWE1ycHhvK01sZFFvd2ZjaUFDNDNHT2FUSjBMMlpPeUVzaDc1bwpCTkFiYXNuYjRMOGExWFZmMTFaT01CZElZNWVubytlSUNGTXRzcGlqVUlpYmc3RUNhN2p3SDJacE4yRHhybkJPCmF5N3VrWmdrZDFYZDNsNXpnOGRTSC92UUVWS1lvSXoxZ1RoN3NmOXgzWTd4a2tYUFlJb0k1QnRIRFB5NFlVL3IKRWgxYTM3SFhwSE8vMDFsZjFuTzJUZHk2YlI4VVBIcFN4UUl4ZFlocG9Nd0U3LzJwZXBqQmxLMUJ3M25YYUpmcAp1S2Mva0dlVWM4NjRVck95TXQ3dUhVOGNrUThoLytZZ1dYOVdXRW1KNmVXNVRxUkk0eTExamI0M3ZWSXBxT1dWCmQ3T3FyeVZHS3BhMjA5SUdxVU1heVdEU05XMWh4eDRpWkRuMVNBaENUNFR0bU13NWVHLy9kMkhCS3IzZHNvbEkKTXNmL2RRVENwWm8xcmNCQnVzeXhtVkU9Ci0tLS0tRU5EIENFUlRJRklDQVRFLS0tLS0K"
              }
            ],
            "master_authorized_networks_config": [],
            "master_version": "1.21.11-gke.1100",
            "min_master_version": null,
            "monitoring_config": [
              {
                "enable_components": [
                  "SYSTEM_COMPONENTS"
                ]
              }
            ],
            "monitoring_service": "monitoring.googleapis.com/kubernetes",
            "name": "praxis-water-352220-gke",
            "network": "projects/praxis-water-352220/global/networks/praxis-water-352220-vpc",
            "network_policy": [
              {
                "enabled": false,
                "provider": "PROVIDER_UNSPECIFIED"
              }
            ],
            "networking_mode": "VPC_NATIVE",
            "node_config": [],
            "node_locations": [
              "us-central1-a",
              "us-central1-b",
              "us-central1-c"
            ],
            "node_pool": [],
            "node_version": "1.21.11-gke.1100",
            "operation": null,
            "private_cluster_config": [],
            "private_ipv6_google_access": "",
            "project": "praxis-water-352220",
            "release_channel": [
              {
                "channel": "REGULAR"
              }
            ],
            "remove_default_node_pool": true,
            "resource_labels": null,
            "resource_usage_export_config": [],
            "self_link": "https://container.googleapis.com/v1/projects/praxis-water-352220/locations/us-central1/clusters/praxis-water-352220-gke",
            "services_ipv4_cidr": "10.16.0.0/20",
            "subnetwork": "projects/praxis-water-352220/regions/us-central1/subnetworks/praxis-water-352220-subnet",
            "timeouts": null,
            "tpu_ipv4_cidr_block": "",
            "vertical_pod_autoscaling": [],
            "workload_identity_config": []
          },
          "sensitive_attributes": [],
          "private": "eyJlMmJmYjczMC1lY2FhLTExZTYtOGY4OC0zNDM2M2JjN2M0YzAiOnsiY3JlYXRlIjoyNDAwMDAwMDAwMDAwLCJkZWxldGUiOjI0MDAwMDAwMDAwMDAsInJlYWQiOjI0MDAwMDAwMDAwMDAsInVwZGF0ZSI6MzYwMDAwMDAwMDAwMH0sInNjaGVtYV92ZXJzaW9uIjoiMSJ9",
          "dependencies": [
            "google_compute_network.vpc",
            "google_compute_subnetwork.subnet"
          ]
        }
      ]
    },
    {
      "mode": "managed",
      "type": "google_container_node_pool",
      "name": "primary_nodes",
      "provider": "provider[\"registry.terraform.io/hashicorp/google\"]",
      "instances": [
        {
          "schema_version": 1,
          "attributes": {
            "autoscaling": [],
            "cluster": "praxis-water-352220-gke",
            "id": "projects/praxis-water-352220/locations/us-central1/clusters/praxis-water-352220-gke/nodePools/praxis-water-352220-gke-node-pool",
            "initial_node_count": 2,
            "instance_group_urls": [
              "https://www.googleapis.com/compute/v1/projects/praxis-water-352220/zones/us-central1-c/instanceGroupManagers/gke-praxis-water-352-praxis-water-352-ab7fafde-grp",
              "https://www.googleapis.com/compute/v1/projects/praxis-water-352220/zones/us-central1-b/instanceGroupManagers/gke-praxis-water-352-praxis-water-352-06b4f07f-grp",
              "https://www.googleapis.com/compute/v1/projects/praxis-water-352220/zones/us-central1-a/instanceGroupManagers/gke-praxis-water-352-praxis-water-352-107938d0-grp"
            ],
            "location": "us-central1",
            "managed_instance_group_urls": [
              "https://www.googleapis.com/compute/v1/projects/praxis-water-352220/zones/us-central1-c/instanceGroups/gke-praxis-water-352-praxis-water-352-ab7fafde-grp",
              "https://www.googleapis.com/compute/v1/projects/praxis-water-352220/zones/us-central1-b/instanceGroups/gke-praxis-water-352-praxis-water-352-06b4f07f-grp",
              "https://www.googleapis.com/compute/v1/projects/praxis-water-352220/zones/us-central1-a/instanceGroups/gke-praxis-water-352-praxis-water-352-107938d0-grp"
            ],
            "management": [
              {
                "auto_repair": true,
                "auto_upgrade": true
              }
            ],
            "max_pods_per_node": 110,
            "name": "praxis-water-352220-gke-node-pool",
            "name_prefix": "",
            "node_config": [
              {
                "disk_size_gb": 100,
                "disk_type": "pd-standard",
                "guest_accelerator": [],
                "image_type": "COS_CONTAINERD",
                "labels": {
                  "env": "praxis-water-352220"
                },
                "local_ssd_count": 0,
                "machine_type": "n1-standard-1",
                "metadata": {
                  "disable-legacy-endpoints": "true"
                },
                "min_cpu_platform": "",
                "oauth_scopes": [
                  "https://www.googleapis.com/auth/logging.write",
                  "https://www.googleapis.com/auth/monitoring"
                ],
                "preemptible": false,
                "service_account": "default",
                "shielded_instance_config": [
                  {
                    "enable_integrity_monitoring": true,
                    "enable_secure_boot": false
                  }
                ],
                "tags": [
                  "gke-node",
                  "praxis-water-352220-gke"
                ],
                "taint": [],
                "workload_metadata_config": []
              }
            ],
            "node_count": 2,
            "node_locations": [
              "us-central1-a",
              "us-central1-b",
              "us-central1-c"
            ],
            "operation": null,
            "project": "praxis-water-352220",
            "timeouts": null,
            "upgrade_settings": [
              {
                "max_surge": 1,
                "max_unavailable": 0
              }
            ],
            "version": "1.21.11-gke.1100"
          },
          "sensitive_attributes": [],
          "private": "eyJlMmJmYjczMC1lY2FhLTExZTYtOGY4OC0zNDM2M2JjN2M0YzAiOnsiY3JlYXRlIjoxODAwMDAwMDAwMDAwLCJkZWxldGUiOjE4MDAwMDAwMDAwMDAsInVwZGF0ZSI6MTgwMDAwMDAwMDAwMH0sInNjaGVtYV92ZXJzaW9uIjoiMSJ9",
          "dependencies": [
            "google_compute_network.vpc",
            "google_compute_subnetwork.subnet",
            "google_container_cluster.primary"
          ]
        }
      ]
    }
  ]
}
