{
  "version": 4,
  "terraform_version": "1.1.7",
  "serial": 12,
  "lineage": "1be367d9-d646-34df-3530-915e7bca5237",
  "outputs": {},
  "resources": [
    {
      "mode": "managed",
      "type": "google_compute_network",
      "name": "vpc",
      "provider": "provider[\"registry.terraform.io/hashicorp/google\"]",
      "instances": [
        {
          "schema_version": 0,
          "attributes": {
            "auto_create_subnetworks": false,
            "delete_default_routes_on_create": false,
            "description": "",
            "gateway_ipv4": "",
            "id": "projects/praxis-water-352220/global/networks/praxis-water-352220-vpc",
            "mtu": 0,
            "name": "praxis-water-352220-vpc",
            "project": "praxis-water-352220",
            "routing_mode": "REGIONAL",
            "self_link": "https://www.googleapis.com/compute/v1/projects/praxis-water-352220/global/networks/praxis-water-352220-vpc",
            "timeouts": null
          },
          "sensitive_attributes": [],
          "private": "eyJlMmJmYjczMC1lY2FhLTExZTYtOGY4OC0zNDM2M2JjN2M0YzAiOnsiY3JlYXRlIjoyNDAwMDAwMDAwMDAsImRlbGV0ZSI6MjQwMDAwMDAwMDAwLCJ1cGRhdGUiOjI0MDAwMDAwMDAwMH19"
        }
      ]
    },
    {
      "mode": "managed",
      "type": "google_compute_subnetwork",
      "name": "subnet",
      "provider": "provider[\"registry.terraform.io/hashicorp/google\"]",
      "instances": [
        {
          "schema_version": 0,
          "attributes": {
            "creation_timestamp": "2022-06-03T16:23:44.289-07:00",
            "description": "",
            "external_ipv6_prefix": "",
            "fingerprint": null,
            "gateway_address": "10.10.0.1",
            "id": "projects/praxis-water-352220/regions/us-central1/subnetworks/praxis-water-352220-subnet",
            "ip_cidr_range": "10.10.0.0/24",
            "ipv6_access_type": "",
            "ipv6_cidr_range": "",
            "log_config": [],
            "name": "praxis-water-352220-subnet",
            "network": "https://www.googleapis.com/compute/v1/projects/praxis-water-352220/global/networks/praxis-water-352220-vpc",
            "private_ip_google_access": false,
            "private_ipv6_google_access": "DISABLE_GOOGLE_ACCESS",
            "project": "praxis-water-352220",
            "purpose": "PRIVATE",
            "region": "us-central1",
            "role": "",
            "secondary_ip_range": [
              {
                "ip_cidr_range": "10.12.0.0/14",
                "range_name": "gke-praxis-water-352220-gke-pods-b7b3d268"
              },
              {
                "ip_cidr_range": "10.16.0.0/20",
                "range_name": "gke-praxis-water-352220-gke-services-b7b3d268"
              }
            ],
            "self_link": "https://www.googleapis.com/compute/v1/projects/praxis-water-352220/regions/us-central1/subnetworks/praxis-water-352220-subnet",
            "stack_type": "IPV4_ONLY",
            "timeouts": null
          },
          "sensitive_attributes": [],
          "private": "eyJlMmJmYjczMC1lY2FhLTExZTYtOGY4OC0zNDM2M2JjN2M0YzAiOnsiY3JlYXRlIjozNjAwMDAwMDAwMDAsImRlbGV0ZSI6MzYwMDAwMDAwMDAwLCJ1cGRhdGUiOjM2MDAwMDAwMDAwMH19",
          "dependencies": [
            "google_compute_network.vpc"
          ]
        }
      ]
    },
    {
      "mode": "managed",
      "type": "google_container_cluster",
      "name": "primary",
      "provider": "provider[\"registry.terraform.io/hashicorp/google\"]",
      "instances": [
        {
          "schema_version": 1,
          "attributes": {
            "addons_config": [
              {
                "cloudrun_config": [],
                "horizontal_pod_autoscaling": [],
                "http_load_balancing": [],
                "network_policy_config": [
                  {
                    "disabled": true
                  }
                ]
              }
            ],
            "authenticator_groups_config": [],
            "cluster_autoscaling": [
              {
                "auto_provisioning_defaults": [],
                "enabled": false,
                "resource_limits": []
              }
            ],
            "cluster_ipv4_cidr": "10.12.0.0/14",
            "database_encryption": [
              {
                "key_name": "",
                "state": "DECRYPTED"
              }
            ],
            "datapath_provider": "",
            "default_max_pods_per_node": 110,
            "default_snat_status": [
              {
                "disabled": false
              }
            ],
            "description": "",
            "enable_autopilot": false,
            "enable_binary_authorization": false,
            "enable_intranode_visibility": false,
            "enable_kubernetes_alpha": false,
            "enable_legacy_abac": false,
            "enable_shielded_nodes": true,
            "enable_tpu": false,
            "endpoint": "34.69.66.178",
            "id": "projects/praxis-water-352220/locations/us-central1/clusters/praxis-water-352220-gke",
            "initial_node_count": 1,
            "ip_allocation_policy": [
              {
                "cluster_ipv4_cidr_block": "10.12.0.0/14",
                "cluster_secondary_range_name": "gke-praxis-water-352220-gke-pods-b7b3d268",
                "services_ipv4_cidr_block": "10.16.0.0/20",
                "services_secondary_range_name": "gke-praxis-water-352220-gke-services-b7b3d268"
              }
            ],
            "label_fingerprint": "a9dc16a7",
            "location": "us-central1",
            "logging_config": [
              {
                "enable_components": [
                  "SYSTEM_COMPONENTS",
                  "WORKLOADS"
                ]
              }
            ],
            "logging_service": "logging.googleapis.com/kubernetes",
            "maintenance_policy": [],
            "master_auth": [
              {
                "client_certificate": "",
                "client_certificate_config": [
                  {
                    "issue_client_certificate": false
                  }
                ],
                "client_key": "",
                "cluster_ca_certificate": "LS0tLS1CRUdJTiBDRVJUSUZJQ0FURS0tLS0tCk1JSUVMVENDQXBXZ0F3SUJBZ0lSQU1GdFNpQ0QwOGZlaVo4Ymk5cGlmUUV3RFFZSktvWklodmNOQVFFTEJRQXcKTHpFdE1Dc0dBMVVFQXhNa1ptTmhZakZqTWpjdFpXWTFNQzAwT0RkbExUazJNREF0TTJJMU16WmhaalkxTTJWbQpNQ0FYRFRJeU1EWXdNekl5TWpreU1Wb1lEekl3TlRJd05USTJNak15T1RJeFdqQXZNUzB3S3dZRFZRUURFeVJtClkyRmlNV015TnkxbFpqVXdMVFE0TjJVdE9UWXdNQzB6WWpVek5tRm1OalV6WldZd2dnR2lNQTBHQ1NxR1NJYjMKRFFFQkFRVUFBNElCandBd2dnR0tBb0lCZ1FEcUpYekVzNkRpTnlPRU9tMXdZQ0crOXdKaFh4dTBDaW9LeTlOago5L1ErU2F1R2ZMQ0tuQ2V0b0IvTDV3MXlrZ2hueVJjb1grZldFZjc5eFJ2SldscGFwSHFMbVl2bGErQ1J2U0d3CllGZ2NEUDBNVDFtT1ZkRklnZjJzdDhlaXc2QU5Gek9kSGUzMDIxRHQwRGVqMGJMSmVVRkVhbnB5Wk5DMy9idnkKbzNwYTRrbjZycXduaUw2OHdFdnkyYkNRZDJNVmhuS3hQVVBGeHBUcXdKSmRZbHptaXVUekNmdzl3UDJJeEFHSAoxT290cTFQVDZ0YlROck5xZUdhNzY5b1R3dCt0bWZMK3ZseHBRbnBEcTlQV2g4M2wyaWRZeFNuMHBaeUZOcHBrClRZUWhSaDd1Z0QxUnB0LzIyc090aXpZVWNZOEN3NHRyeVF0YmtDSXpDbjlicTA0ZGtBQ1pPd1RqYk03RW5XcjQKNlREbk4veE1nZ2VBRG1KR1NURnlhZUdwVTY4Mi8yVHNwaGhaYktZWnFaMXpmTjdFTHJhOG44S3d5eUdWSy8vaQp1R21IaG1Da3Y3dDQ0cUZNcGNSS09tVzdzWU43R3B3MjBabFVWaU85K1lXbmRCeVdNNys3cUNjTHdLN294RFB6CjdCamdyeVdvVDl1cVE5ckxkTFFpRGhCUmRmRUNBd0VBQWFOQ01FQXdEZ1lEVlIwUEFRSC9CQVFEQWdJRU1BOEcKQTFVZEV3RUIvd1FGTUFNQkFmOHdIUVlEVlIwT0JCWUVGSkZIbVdoMktCenlodDRpOXRZZVVCc25paW9LTUEwRwpDU3FHU0liM0RRRUJDd1VBQTRJQmdRQVRPak9jNHlWTGtEM3lFRyt4MkZTeTMxWVlqQWhCZXlPWHJpa2E4aXpPCjhxY2lCV1FxWmFLcDRmOWI2TWhKMXFWYkNGQmc1ZUZPOHVLcGZTWWVrM2xOLytKdlZkZzM2OTR4OTJHSWRvdmcKSW9Zd1VGeHgwWVUxQUhzSzl4c0xvT2M5djBMblo0R0JsTW5Ob1JxVUp1RHY4NWJ2QWNnNzFWbjQ1cXpWTHNocAp4TGs2Ym1LMTdXMHdQbTlHM2Z2SE94U096bEQzdU5MVjY2M2Y4UXRxU1ZWQXlwaFB3bnhQcDNEZ2U2ak9qZDRICnEyMXBIek1LaFJnc09NdW9QSnhocDVxUlFDTGsya25xb1dHM2N4QmQzMWJOUGZSRWtacGJBb0JwbytuQWdQcWwKMjRJOGF3TmRpNjYxSXBveWpRYmJqb3Z6SjFIVFpGeVVLdFJ1NTJNOVI5b2N1OG5UOXVwakpPVXBTQzcvdVBTSQpCdjMyeVlwVkVTZzNoM3lKSDEwUW54MFVDYmdHekY2bi9hNmYzaE5aWm1qZ2VCRkFYMHNubWJhVWZuellHN3RWCndjbjlaZjdKNkFFWDE5WkZwRmJhb3RibVFGNEVtQ1VyalBOZi9lNTlCaUYzekQ4ckFkc3dFRC92c01tUk90YVIKUzdyeFlQdXRLcUJla1Ird1NsZTRHTjA9Ci0tLS0tRU5EIENFUlRJRklDQVRFLS0tLS0K"
              }
            ],
            "master_authorized_networks_config": [],
            "master_version": "1.21.11-gke.1100",
            "min_master_version": null,
            "monitoring_config": [
              {
                "enable_components": [
                  "SYSTEM_COMPONENTS"
                ]
              }
            ],
            "monitoring_service": "monitoring.googleapis.com/kubernetes",
            "name": "praxis-water-352220-gke",
            "network": "projects/praxis-water-352220/global/networks/praxis-water-352220-vpc",
            "network_policy": [
              {
                "enabled": false,
                "provider": "PROVIDER_UNSPECIFIED"
              }
            ],
            "networking_mode": "VPC_NATIVE",
            "node_config": [],
            "node_locations": [
              "us-central1-a",
              "us-central1-c",
              "us-central1-f"
            ],
            "node_pool": [],
            "node_version": "1.21.11-gke.1100",
            "operation": null,
            "private_cluster_config": [],
            "private_ipv6_google_access": "",
            "project": "praxis-water-352220",
            "release_channel": [
              {
                "channel": "REGULAR"
              }
            ],
            "remove_default_node_pool": true,
            "resource_labels": {},
            "resource_usage_export_config": [],
            "self_link": "https://container.googleapis.com/v1/projects/praxis-water-352220/locations/us-central1/clusters/praxis-water-352220-gke",
            "services_ipv4_cidr": "10.16.0.0/20",
            "subnetwork": "projects/praxis-water-352220/regions/us-central1/subnetworks/praxis-water-352220-subnet",
            "timeouts": null,
            "tpu_ipv4_cidr_block": "",
            "vertical_pod_autoscaling": [],
            "workload_identity_config": []
          },
          "sensitive_attributes": [],
          "private": "eyJlMmJmYjczMC1lY2FhLTExZTYtOGY4OC0zNDM2M2JjN2M0YzAiOnsiY3JlYXRlIjoyNDAwMDAwMDAwMDAwLCJkZWxldGUiOjI0MDAwMDAwMDAwMDAsInJlYWQiOjI0MDAwMDAwMDAwMDAsInVwZGF0ZSI6MzYwMDAwMDAwMDAwMH0sInNjaGVtYV92ZXJzaW9uIjoiMSJ9",
          "dependencies": [
            "google_compute_network.vpc",
            "google_compute_subnetwork.subnet"
          ]
        }
      ]
    },
    {
      "mode": "managed",
      "type": "google_container_node_pool",
      "name": "primary_nodes",
      "provider": "provider[\"registry.terraform.io/hashicorp/google\"]",
      "instances": [
        {
          "schema_version": 1,
          "attributes": {
            "autoscaling": [],
            "cluster": "praxis-water-352220-gke",
            "id": "projects/praxis-water-352220/locations/us-central1/clusters/praxis-water-352220-gke/nodePools/praxis-water-352220-gke-node-pool",
            "initial_node_count": 2,
            "instance_group_urls": [
              "https://www.googleapis.com/compute/v1/projects/praxis-water-352220/zones/us-central1-f/instanceGroupManagers/gke-praxis-water-352-praxis-water-352-d585b9a2-grp",
              "https://www.googleapis.com/compute/v1/projects/praxis-water-352220/zones/us-central1-c/instanceGroupManagers/gke-praxis-water-352-praxis-water-352-11ed5fec-grp",
              "https://www.googleapis.com/compute/v1/projects/praxis-water-352220/zones/us-central1-a/instanceGroupManagers/gke-praxis-water-352-praxis-water-352-6dc7e70a-grp"
            ],
            "location": "us-central1",
            "managed_instance_group_urls": [
              "https://www.googleapis.com/compute/v1/projects/praxis-water-352220/zones/us-central1-f/instanceGroups/gke-praxis-water-352-praxis-water-352-d585b9a2-grp",
              "https://www.googleapis.com/compute/v1/projects/praxis-water-352220/zones/us-central1-c/instanceGroups/gke-praxis-water-352-praxis-water-352-11ed5fec-grp",
              "https://www.googleapis.com/compute/v1/projects/praxis-water-352220/zones/us-central1-a/instanceGroups/gke-praxis-water-352-praxis-water-352-6dc7e70a-grp"
            ],
            "management": [
              {
                "auto_repair": true,
                "auto_upgrade": true
              }
            ],
            "max_pods_per_node": 110,
            "name": "praxis-water-352220-gke-node-pool",
            "name_prefix": "",
            "node_config": [
              {
                "disk_size_gb": 100,
                "disk_type": "pd-standard",
                "guest_accelerator": [],
                "image_type": "COS_CONTAINERD",
                "labels": {
                  "env": "praxis-water-352220"
                },
                "local_ssd_count": 0,
                "machine_type": "n1-standard-1",
                "metadata": {
                  "disable-legacy-endpoints": "true"
                },
                "min_cpu_platform": "",
                "oauth_scopes": [
                  "https://www.googleapis.com/auth/logging.write",
                  "https://www.googleapis.com/auth/monitoring"
                ],
                "preemptible": false,
                "service_account": "default",
                "shielded_instance_config": [
                  {
                    "enable_integrity_monitoring": true,
                    "enable_secure_boot": false
                  }
                ],
                "tags": [
                  "gke-node",
                  "praxis-water-352220-gke"
                ],
                "taint": [],
                "workload_metadata_config": []
              }
            ],
            "node_count": 2,
            "node_locations": [
              "us-central1-a",
              "us-central1-c",
              "us-central1-f"
            ],
            "operation": null,
            "project": "praxis-water-352220",
            "timeouts": null,
            "upgrade_settings": [
              {
                "max_surge": 1,
                "max_unavailable": 0
              }
            ],
            "version": "1.21.11-gke.1100"
          },
          "sensitive_attributes": [],
          "private": "eyJlMmJmYjczMC1lY2FhLTExZTYtOGY4OC0zNDM2M2JjN2M0YzAiOnsiY3JlYXRlIjoxODAwMDAwMDAwMDAwLCJkZWxldGUiOjE4MDAwMDAwMDAwMDAsInVwZGF0ZSI6MTgwMDAwMDAwMDAwMH0sInNjaGVtYV92ZXJzaW9uIjoiMSJ9",
          "dependencies": [
            "google_container_cluster.primary"
          ]
        }
      ]
    }
  ]
}
